// !$*UTF8*$!
{
	archiveVersion = 1;
	classes = {
	};
	objectVersion = 46;
	objects = {

/* Begin PBXBuildFile section */
		00172D421DD5AEAE0047BC76 /* main.m in Sources */ = {isa = PBXBuildFile; fileRef = 00172D411DD5AEAE0047BC76 /* main.m */; };
		00172D451DD5AEAE0047BC76 /* AppDelegate.m in Sources */ = {isa = PBXBuildFile; fileRef = 00172D441DD5AEAE0047BC76 /* AppDelegate.m */; };
		00172D481DD5AEAE0047BC76 /* ViewController.m in Sources */ = {isa = PBXBuildFile; fileRef = 00172D471DD5AEAE0047BC76 /* ViewController.m */; };
		00172D4B1DD5AEAE0047BC76 /* Main.storyboard in Resources */ = {isa = PBXBuildFile; fileRef = 00172D491DD5AEAE0047BC76 /* Main.storyboard */; };
		00172D4D1DD5AEAE0047BC76 /* Assets.xcassets in Resources */ = {isa = PBXBuildFile; fileRef = 00172D4C1DD5AEAE0047BC76 /* Assets.xcassets */; };
		00172D501DD5AEAE0047BC76 /* LaunchScreen.storyboard in Resources */ = {isa = PBXBuildFile; fileRef = 00172D4E1DD5AEAE0047BC76 /* LaunchScreen.storyboard */; };
		002B146C1DD94E4000F3274D /* QAGCalculatorView.m in Sources */ = {isa = PBXBuildFile; fileRef = 002B146B1DD94E4000F3274D /* QAGCalculatorView.m */; };
/* End PBXBuildFile section */

/* Begin PBXFileReference section */
		00172D3D1DD5AEAE0047BC76 /* QAGCalculatorView.app */ = {isa = PBXFileReference; explicitFileType = wrapper.application; includeInIndex = 0; path = QAGCalculatorView.app; sourceTree = BUILT_PRODUCTS_DIR; };
		00172D411DD5AEAE0047BC76 /* main.m */ = {isa = PBXFileReference; lastKnownFileType = sourcecode.c.objc; path = main.m; sourceTree = "<group>"; };
		00172D431DD5AEAE0047BC76 /* AppDelegate.h */ = {isa = PBXFileReference; lastKnownFileType = sourcecode.c.h; path = AppDelegate.h; sourceTree = "<group>"; };
		00172D441DD5AEAE0047BC76 /* AppDelegate.m */ = {isa = PBXFileReference; lastKnownFileType = sourcecode.c.objc; path = AppDelegate.m; sourceTree = "<group>"; };
		00172D461DD5AEAE0047BC76 /* ViewController.h */ = {isa = PBXFileReference; lastKnownFileType = sourcecode.c.h; path = ViewController.h; sourceTree = "<group>"; };
		00172D471DD5AEAE0047BC76 /* ViewController.m */ = {isa = PBXFileReference; lastKnownFileType = sourcecode.c.objc; path = ViewController.m; sourceTree = "<group>"; };
		00172D4A1DD5AEAE0047BC76 /* Base */ = {isa = PBXFileReference; lastKnownFileType = file.storyboard; name = Base; path = Base.lproj/Main.storyboard; sourceTree = "<group>"; };
		00172D4C1DD5AEAE0047BC76 /* Assets.xcassets */ = {isa = PBXFileReference; lastKnownFileType = folder.assetcatalog; path = Assets.xcassets; sourceTree = "<group>"; };
		00172D4F1DD5AEAE0047BC76 /* Base */ = {isa = PBXFileReference; lastKnownFileType = file.storyboard; name = Base; path = Base.lproj/LaunchScreen.storyboard; sourceTree = "<group>"; };
		00172D511DD5AEAE0047BC76 /* Info.plist */ = {isa = PBXFileReference; lastKnownFileType = text.plist.xml; path = Info.plist; sourceTree = "<group>"; };
		002B146A1DD94E4000F3274D /* QAGCalculatorView.h */ = {isa = PBXFileReference; fileEncoding = 4; lastKnownFileType = sourcecode.c.h; path = QAGCalculatorView.h; sourceTree = "<group>"; };
		002B146B1DD94E4000F3274D /* QAGCalculatorView.m */ = {isa = PBXFileReference; fileEncoding = 4; lastKnownFileType = sourcecode.c.objc; path = QAGCalculatorView.m; sourceTree = "<group>"; };
/* End PBXFileReference section */

/* Begin PBXFrameworksBuildPhase section */
		00172D3A1DD5AEAE0047BC76 /* Frameworks */ = {
			isa = PBXFrameworksBuildPhase;
			buildActionMask = 2147483647;
			files = (
			);
			runOnlyForDeploymentPostprocessing = 0;
		};
/* End PBXFrameworksBuildPhase section */

/* Begin PBXGroup section */
		00172D341DD5AEAE0047BC76 = {
			isa = PBXGroup;
			children = (
				00172D3F1DD5AEAE0047BC76 /* QAGCalculatorView */,
				00172D3E1DD5AEAE0047BC76 /* Products */,
			);
			sourceTree = "<group>";
		};
		00172D3E1DD5AEAE0047BC76 /* Products */ = {
			isa = PBXGroup;
			children = (
				00172D3D1DD5AEAE0047BC76 /* QAGCalculatorView.app */,
			);
			name = Products;
			sourceTree = "<group>";
		};
		00172D3F1DD5AEAE0047BC76 /* QAGCalculatorView */ = {
			isa = PBXGroup;
			children = (
				002B14691DD94E4000F3274D /* QAGClasses */,
				00172D431DD5AEAE0047BC76 /* AppDelegate.h */,
				00172D441DD5AEAE0047BC76 /* AppDelegate.m */,
				00172D461DD5AEAE0047BC76 /* ViewController.h */,
				00172D471DD5AEAE0047BC76 /* ViewController.m */,
				00172D491DD5AEAE0047BC76 /* Main.storyboard */,
				00172D4C1DD5AEAE0047BC76 /* Assets.xcassets */,
				00172D4E1DD5AEAE0047BC76 /* LaunchScreen.storyboard */,
				00172D511DD5AEAE0047BC76 /* Info.plist */,
				00172D401DD5AEAE0047BC76 /* Supporting Files */,
			);
			path = QAGCalculatorView;
			sourceTree = "<group>";
		};
		00172D401DD5AEAE0047BC76 /* Supporting Files */ = {
			isa = PBXGroup;
			children = (
				00172D411DD5AEAE0047BC76 /* main.m */,
			);
			name = "Supporting Files";
			sourceTree = "<group>";
		};
		002B14691DD94E4000F3274D /* QAGClasses */ = {
			isa = PBXGroup;
			children = (
				002B146A1DD94E4000F3274D /* QAGCalculatorView.h */,
				002B146B1DD94E4000F3274D /* QAGCalculatorView.m */,
			);
			path = QAGClasses;
			sourceTree = "<group>";
		};
/* End PBXGroup section */

/* Begin PBXNativeTarget section */
		00172D3C1DD5AEAE0047BC76 /* QAGCalculatorView */ = {
			isa = PBXNativeTarget;
			buildConfigurationList = 00172D541DD5AEAE0047BC76 /* Build configuration list for PBXNativeTarget "QAGCalculatorView" */;
			buildPhases = (
				00172D391DD5AEAE0047BC76 /* Sources */,
				00172D3A1DD5AEAE0047BC76 /* Frameworks */,
				00172D3B1DD5AEAE0047BC76 /* Resources */,
			);
			buildRules = (
			);
			dependencies = (
			);
			name = QAGCalculatorView;
			productName = QAGCalculatorView;
			productReference = 00172D3D1DD5AEAE0047BC76 /* QAGCalculatorView.app */;
			productType = "com.apple.product-type.application";
		};
/* End PBXNativeTarget section */

/* Begin PBXProject section */
		00172D351DD5AEAE0047BC76 /* Project object */ = {
			isa = PBXProject;
			attributes = {
				LastUpgradeCheck = 0810;
				ORGANIZATIONNAME = bltech;
				TargetAttributes = {
					00172D3C1DD5AEAE0047BC76 = {
						CreatedOnToolsVersion = 8.1;
						ProvisioningStyle = Automatic;
					};
				};
			};
			buildConfigurationList = 00172D381DD5AEAE0047BC76 /* Build configuration list for PBXProject "QAGCalculatorView" */;
			compatibilityVersion = "Xcode 3.2";
			developmentRegion = English;
			hasScannedForEncodings = 0;
			knownRegions = (
				en,
				Base,
			);
			mainGroup = 00172D341DD5AEAE0047BC76;
			productRefGroup = 00172D3E1DD5AEAE0047BC76 /* Products */;
			projectDirPath = "";
			projectRoot = "";
			targets = (
				00172D3C1DD5AEAE0047BC76 /* QAGCalculatorView */,
			);
		};
/* End PBXProject section */

/* Begin PBXResourcesBuildPhase section */
		00172D3B1DD5AEAE0047BC76 /* Resources */ = {
			isa = PBXResourcesBuildPhase;
			buildActionMask = 2147483647;
			files = (
				00172D501DD5AEAE0047BC76 /* LaunchScreen.storyboard in Resources */,
				00172D4D1DD5AEAE0047BC76 /* Assets.xcassets in Resources */,
				00172D4B1DD5AEAE0047BC76 /* Main.storyboard in Resources */,
			);
			runOnlyForDeploymentPostprocessing = 0;
		};
/* End PBXResourcesBuildPhase section */

/* Begin PBXSourcesBuildPhase section */
		00172D391DD5AEAE0047BC76 /* Sources */ = {
			isa = PBXSourcesBuildPhase;
			buildActionMask = 2147483647;
			files = (
				00172D481DD5AEAE0047BC76 /* ViewController.m in Sources */,
				002B146C1DD94E4000F3274D /* QAGCalculatorView.m in Sources */,
				00172D451DD5AEAE0047BC76 /* AppDelegate.m in Sources */,
				00172D421DD5AEAE0047BC76 /* main.m in Sources */,
			);
			runOnlyForDeploymentPostprocessing = 0;
		};
/* End PBXSourcesBuildPhase section */

/* Begin PBXVariantGroup section */
		00172D491DD5AEAE0047BC76 /* Main.storyboard */ = {
			isa = PBXVariantGroup;
			children = (
				00172D4A1DD5AEAE0047BC76 /* Base */,
			);
			name = Main.storyboard;
			sourceTree = "<group>";
		};
		00172D4E1DD5AEAE0047BC76 /* LaunchScreen.storyboard */ = {
			isa = PBXVariantGroup;
			children = (
				00172D4F1DD5AEAE0047BC76 /* Base */,
			);
			name = LaunchScreen.storyboard;
			sourceTree = "<group>";
		};
/* End PBXVariantGroup section */

/* Begin XCBuildConfiguration section */
		00172D521DD5AEAE0047BC76 /* Debug */ = {
			isa = XCBuildConfiguration;
			buildSettings = {
				ALWAYS_SEARCH_USER_PATHS = NO;
				CLANG_ANALYZER_NONNULL = YES;
				CLANG_CXX_LANGUAGE_STANDARD = "gnu++0x";
				CLANG_CXX_LIBRARY = "libc++";
				CLANG_ENABLE_MODULES = YES;
				CLANG_ENABLE_OBJC_ARC = YES;
				CLANG_WARN_BOOL_CONVERSION = YES;
				CLANG_WARN_CONSTANT_CONVERSION = YES;
				CLANG_WARN_DIRECT_OBJC_ISA_USAGE = YES_ERROR;
				CLANG_WARN_DOCUMENTATION_COMMENTS = YES;
				CLANG_WARN_EMPTY_BODY = YES;
				CLANG_WARN_ENUM_CONVERSION = YES;
				CLANG_WARN_INFINITE_RECURSION = YES;
				CLANG_WARN_INT_CONVERSION = YES;
				CLANG_WARN_OBJC_ROOT_CLASS = YES_ERROR;
				CLANG_WARN_SUSPICIOUS_MOVES = YES;
				CLANG_WARN_UNREACHABLE_CODE = YES;
				CLANG_WARN__DUPLICATE_METHOD_MATCH = YES;
				"CODE_SIGN_IDENTITY[sdk=iphoneos*]" = "iPhone Developer";
				COPY_PHASE_STRIP = NO;
				DEBUG_INFORMATION_FORMAT = dwarf;
				ENABLE_STRICT_OBJC_MSGSEND = YES;
				ENABLE_TESTABILITY = YES;
				GCC_C_LANGUAGE_STANDARD = gnu99;
				GCC_DYNAMIC_NO_PIC = NO;
				GCC_NO_COMMON_BLOCKS = YES;
				GCC_OPTIMIZATION_LEVEL = 0;
				GCC_PREPROCESSOR_DEFINITIONS = (
					"DEBUG=1",
					"$(inherited)",
				);
				GCC_WARN_64_TO_32_BIT_CONVERSION = YES;
				GCC_WARN_ABOUT_RETURN_TYPE = YES_ERROR;
				GCC_WARN_UNDECLARED_SELECTOR = YES;
				GCC_WARN_UNINITIALIZED_AUTOS = YES_AGGRESSIVE;
				GCC_WARN_UNUSED_FUNCTION = YES;
				GCC_WARN_UNUSED_VARIABLE = YES;
				IPHONEOS_DEPLOYMENT_TARGET = 10.1;
				MTL_ENABLE_DEBUG_INFO = YES;
				ONLY_ACTIVE_ARCH = YES;
				SDKROOT = iphoneos;
			};
			name = Debug;
		};
		00172D531DD5AEAE0047BC76 /* Release */ = {
			isa = XCBuildConfiguration;
			buildSettings = {
				ALWAYS_SEARCH_USER_PATHS = NO;
				CLANG_ANALYZER_NONNULL = YES;
				CLANG_CXX_LANGUAGE_STANDARD = "gnu++0x";
				CLANG_CXX_LIBRARY = "libc++";
				CLANG_ENABLE_MODULES = YES;
				CLANG_ENABLE_OBJC_ARC = YES;
				CLANG_WARN_BOOL_CONVERSION = YES;
				CLANG_WARN_CONSTANT_CONVERSION = YES;
				CLANG_WARN_DIRECT_OBJC_ISA_USAGE = YES_ERROR;
				CLANG_WARN_DOCUMENTATION_COMMENTS = YES;
				CLANG_WARN_EMPTY_BODY = YES;
				CLANG_WARN_ENUM_CONVERSION = YES;
				CLANG_WARN_INFINITE_RECURSION = YES;
				CLANG_WARN_INT_CONVERSION = YES;
				CLANG_WARN_OBJC_ROOT_CLASS = YES_ERROR;
				CLANG_WARN_SUSPICIOUS_MOVES = YES;
				CLANG_WARN_UNREACHABLE_CODE = YES;
				CLANG_WARN__DUPLICATE_METHOD_MATCH = YES;
				"CODE_SIGN_IDENTITY[sdk=iphoneos*]" = "iPhone Developer";
				COPY_PHASE_STRIP = NO;
				DEBUG_INFORMATION_FORMAT = "dwarf-with-dsym";
				ENABLE_NS_ASSERTIONS = NO;
				ENABLE_STRICT_OBJC_MSGSEND = YES;
				GCC_C_LANGUAGE_STANDARD = gnu99;
				GCC_NO_COMMON_BLOCKS = YES;
				GCC_WARN_64_TO_32_BIT_CONVERSION = YES;
				GCC_WARN_ABOUT_RETURN_TYPE = YES_ERROR;
				GCC_WARN_UNDECLARED_SELECTOR = YES;
				GCC_WARN_UNINITIALIZED_AUTOS = YES_AGGRESSIVE;
				GCC_WARN_UNUSED_FUNCTION = YES;
				GCC_WARN_UNUSED_VARIABLE = YES;
				IPHONEOS_DEPLOYMENT_TARGET = 10.1;
				MTL_ENABLE_DEBUG_INFO = NO;
				SDKROOT = iphoneos;
				VALIDATE_PRODUCT = YES;
			};
			name = Release;
		};
		00172D551DD5AEAE0047BC76 /* Debug */ = {
			isa = XCBuildConfiguration;
			buildSettings = {
				ASSETCATALOG_COMPILER_APPICON_NAME = AppIcon;
				INFOPLIST_FILE = QAGCalculatorView/Info.plist;
				LD_RUNPATH_SEARCH_PATHS = "$(inherited) @executable_path/Frameworks";
				PRODUCT_BUNDLE_IDENTIFIER = com.bltech.QAGCalculatorView;
				PRODUCT_NAME = "$(TARGET_NAME)";
			};
			name = Debug;
		};
		00172D561DD5AEAE0047BC76 /* Release */ = {
			isa = XCBuildConfiguration;
			buildSettings = {
				ASSETCATALOG_COMPILER_APPICON_NAME = AppIcon;
				INFOPLIST_FILE = QAGCalculatorView/Info.plist;
				LD_RUNPATH_SEARCH_PATHS = "$(inherited) @executable_path/Frameworks";
				PRODUCT_BUNDLE_IDENTIFIER = com.bltech.QAGCalculatorView;
				PRODUCT_NAME = "$(TARGET_NAME)";
			};
			name = Release;
		};
/* End XCBuildConfiguration section */

/* Begin XCConfigurationList section */
		00172D381DD5AEAE0047BC76 /* Build configuration list for PBXProject "QAGCalculatorView" */ = {
			isa = XCConfigurationList;
			buildConfigurations = (
				00172D521DD5AEAE0047BC76 /* Debug */,
				00172D531DD5AEAE0047BC76 /* Release */,
			);
			defaultConfigurationIsVisible = 0;
			defaultConfigurationName = Release;
		};
		00172D541DD5AEAE0047BC76 /* Build configuration list for PBXNativeTarget "QAGCalculatorView" */ = {
			isa = XCConfigurationList;
			buildConfigurations = (
				00172D551DD5AEAE0047BC76 /* Debug */,
				00172D561DD5AEAE0047BC76 /* Release */,
			);
			defaultConfigurationIsVisible = 0;
			defaultConfigurationName = Release;
		};
/* End XCConfigurationList section */
	};
	rootObject = 00172D351DD5AEAE0047BC76 /* Project object */;
}
